# This file is autogenerated, do not edit; changes may be undone by the next 'dep ensure'.


[[projects]]
  name = "github.com/BurntSushi/toml"
  packages = ["."]
  revision = "b26d9c308763d68093482582cea63d69be07a0f0"
  version = "v0.3.0"

[[projects]]
  name = "github.com/stretchr/testify"
  packages = [
    "assert",
    "require"
  ]
  revision = "976c720a22c8eb4eb6a0b4348ad85ad12491a506"

[solve-meta]
  analyzer-name = "dep"
  analyzer-version = 1
  inputs-digest = "74dc4b7bbe87a4c5d356fb8230aaf69445cbf3bacec7238157adfebcd2870dbd"
  solver-name = "gps-cdcl"
  solver-version = 1
